// !$*UTF8*$!
{
	archiveVersion = 1;
	classes = {
	};
	objectVersion = 55;
	objects = {

/* Begin PBXBuildFile section */
		91CE057D46B1CB65F49566F3 /* Pods_RequestAPI.framework in Frameworks */ = {isa = PBXBuildFile; fileRef = 8982EDE578E88A800CF0253A /* Pods_RequestAPI.framework */; };
		EF4F61BF28BF8EAB00BFA429 /* AppDelegate.swift in Sources */ = {isa = PBXBuildFile; fileRef = EF4F61BE28BF8EAB00BFA429 /* AppDelegate.swift */; };
		EF4F61C128BF8EAB00BFA429 /* SceneDelegate.swift in Sources */ = {isa = PBXBuildFile; fileRef = EF4F61C028BF8EAB00BFA429 /* SceneDelegate.swift */; };
		EF4F61C328BF8EAB00BFA429 /* ViewController.swift in Sources */ = {isa = PBXBuildFile; fileRef = EF4F61C228BF8EAB00BFA429 /* ViewController.swift */; };
		EF4F61C628BF8EAB00BFA429 /* Main.storyboard in Resources */ = {isa = PBXBuildFile; fileRef = EF4F61C428BF8EAB00BFA429 /* Main.storyboard */; };
		EF4F61C828BF8EAC00BFA429 /* Assets.xcassets in Resources */ = {isa = PBXBuildFile; fileRef = EF4F61C728BF8EAC00BFA429 /* Assets.xcassets */; };
		EF4F61CB28BF8EAC00BFA429 /* LaunchScreen.storyboard in Resources */ = {isa = PBXBuildFile; fileRef = EF4F61C928BF8EAC00BFA429 /* LaunchScreen.storyboard */; };
		EFDEE6E228BF93E30029468D /* Service.swift in Sources */ = {isa = PBXBuildFile; fileRef = EFDEE6E128BF93E30029468D /* Service.swift */; };
		EFDEE6E428BFA7BE0029468D /* University.swift in Sources */ = {isa = PBXBuildFile; fileRef = EFDEE6E328BFA7BE0029468D /* University.swift */; };
		EFDEE6E628BFAC240029468D /* cellForData.swift in Sources */ = {isa = PBXBuildFile; fileRef = EFDEE6E528BFAC240029468D /* cellForData.swift */; };
/* End PBXBuildFile section */

/* Begin PBXFileReference section */
		8982EDE578E88A800CF0253A /* Pods_RequestAPI.framework */ = {isa = PBXFileReference; explicitFileType = wrapper.framework; includeInIndex = 0; path = Pods_RequestAPI.framework; sourceTree = BUILT_PRODUCTS_DIR; };
		D4A3F8B638D9AE73986D6E66 /* Pods-RequestAPI.debug.xcconfig */ = {isa = PBXFileReference; includeInIndex = 1; lastKnownFileType = text.xcconfig; name = "Pods-RequestAPI.debug.xcconfig"; path = "Target Support Files/Pods-RequestAPI/Pods-RequestAPI.debug.xcconfig"; sourceTree = "<group>"; };
		E2CC2766B5BEA90EE316DCB0 /* Pods-RequestAPI.release.xcconfig */ = {isa = PBXFileReference; includeInIndex = 1; lastKnownFileType = text.xcconfig; name = "Pods-RequestAPI.release.xcconfig"; path = "Target Support Files/Pods-RequestAPI/Pods-RequestAPI.release.xcconfig"; sourceTree = "<group>"; };
		EF4F61BB28BF8EAB00BFA429 /* RequestAPI.app */ = {isa = PBXFileReference; explicitFileType = wrapper.application; includeInIndex = 0; path = RequestAPI.app; sourceTree = BUILT_PRODUCTS_DIR; };
		EF4F61BE28BF8EAB00BFA429 /* AppDelegate.swift */ = {isa = PBXFileReference; lastKnownFileType = sourcecode.swift; path = AppDelegate.swift; sourceTree = "<group>"; };
		EF4F61C028BF8EAB00BFA429 /* SceneDelegate.swift */ = {isa = PBXFileReference; lastKnownFileType = sourcecode.swift; path = SceneDelegate.swift; sourceTree = "<group>"; };
		EF4F61C228BF8EAB00BFA429 /* ViewController.swift */ = {isa = PBXFileReference; lastKnownFileType = sourcecode.swift; path = ViewController.swift; sourceTree = "<group>"; };
		EF4F61C528BF8EAB00BFA429 /* Base */ = {isa = PBXFileReference; lastKnownFileType = file.storyboard; name = Base; path = Base.lproj/Main.storyboard; sourceTree = "<group>"; };
		EF4F61C728BF8EAC00BFA429 /* Assets.xcassets */ = {isa = PBXFileReference; lastKnownFileType = folder.assetcatalog; path = Assets.xcassets; sourceTree = "<group>"; };
		EF4F61CA28BF8EAC00BFA429 /* Base */ = {isa = PBXFileReference; lastKnownFileType = file.storyboard; name = Base; path = Base.lproj/LaunchScreen.storyboard; sourceTree = "<group>"; };
		EF4F61CC28BF8EAC00BFA429 /* Info.plist */ = {isa = PBXFileReference; lastKnownFileType = text.plist.xml; path = Info.plist; sourceTree = "<group>"; };
		EFDEE6E128BF93E30029468D /* Service.swift */ = {isa = PBXFileReference; lastKnownFileType = sourcecode.swift; path = Service.swift; sourceTree = "<group>"; };
		EFDEE6E328BFA7BE0029468D /* University.swift */ = {isa = PBXFileReference; lastKnownFileType = sourcecode.swift; path = University.swift; sourceTree = "<group>"; };
		EFDEE6E528BFAC240029468D /* cellForData.swift */ = {isa = PBXFileReference; lastKnownFileType = sourcecode.swift; path = cellForData.swift; sourceTree = "<group>"; };
/* End PBXFileReference section */

/* Begin PBXFrameworksBuildPhase section */
		EF4F61B828BF8EAB00BFA429 /* Frameworks */ = {
			isa = PBXFrameworksBuildPhase;
			buildActionMask = 2147483647;
			files = (
				91CE057D46B1CB65F49566F3 /* Pods_RequestAPI.framework in Frameworks */,
			);
			runOnlyForDeploymentPostprocessing = 0;
		};
/* End PBXFrameworksBuildPhase section */

/* Begin PBXGroup section */
		37BEA77DDE7485DD5EF680CD /* Pods */ = {
			isa = PBXGroup;
			children = (
				D4A3F8B638D9AE73986D6E66 /* Pods-RequestAPI.debug.xcconfig */,
				E2CC2766B5BEA90EE316DCB0 /* Pods-RequestAPI.release.xcconfig */,
			);
			path = Pods;
			sourceTree = "<group>";
		};
		985FB0EC9068754083DFCBB5 /* Frameworks */ = {
			isa = PBXGroup;
			children = (
				8982EDE578E88A800CF0253A /* Pods_RequestAPI.framework */,
			);
			name = Frameworks;
			sourceTree = "<group>";
		};
		EF4F61B228BF8EAB00BFA429 = {
			isa = PBXGroup;
			children = (
				EF4F61BD28BF8EAB00BFA429 /* RequestAPI */,
				EF4F61BC28BF8EAB00BFA429 /* Products */,
				37BEA77DDE7485DD5EF680CD /* Pods */,
				985FB0EC9068754083DFCBB5 /* Frameworks */,
			);
			sourceTree = "<group>";
		};
		EF4F61BC28BF8EAB00BFA429 /* Products */ = {
			isa = PBXGroup;
			children = (
				EF4F61BB28BF8EAB00BFA429 /* RequestAPI.app */,
			);
			name = Products;
			sourceTree = "<group>";
		};
		EF4F61BD28BF8EAB00BFA429 /* RequestAPI */ = {
			isa = PBXGroup;
			children = (
				EFDEE6D528BF8FEC0029468D /* AppDelegate */,
				EFDEE6D628BF8FF60029468D /* Define */,
				EFDEE6D728BF90020029468D /* Controllers */,
				EFDEE6D928BF90150029468D /* Models */,
				EFDEE6D828BF900C0029468D /* Views */,
				EFDEE6DA28BF90240029468D /* Resources */,
				EF4F61CC28BF8EAC00BFA429 /* Info.plist */,
			);
			path = RequestAPI;
			sourceTree = "<group>";
		};
		EFDEE6D528BF8FEC0029468D /* AppDelegate */ = {
			isa = PBXGroup;
			children = (
				EF4F61BE28BF8EAB00BFA429 /* AppDelegate.swift */,
				EF4F61C028BF8EAB00BFA429 /* SceneDelegate.swift */,
			);
			path = AppDelegate;
			sourceTree = "<group>";
		};
		EFDEE6D628BF8FF60029468D /* Define */ = {
			isa = PBXGroup;
			children = (
			);
			path = Define;
			sourceTree = "<group>";
		};
		EFDEE6D728BF90020029468D /* Controllers */ = {
			isa = PBXGroup;
			children = (
				EF4F61C228BF8EAB00BFA429 /* ViewController.swift */,
			);
			path = Controllers;
			sourceTree = "<group>";
		};
		EFDEE6D828BF900C0029468D /* Views */ = {
			isa = PBXGroup;
			children = (
				EFDEE6DE28BF91400029468D /* Cells */,
				EF4F61C928BF8EAC00BFA429 /* LaunchScreen.storyboard */,
				EF4F61C428BF8EAB00BFA429 /* Main.storyboard */,
			);
			path = Views;
			sourceTree = "<group>";
		};
		EFDEE6D928BF90150029468D /* Models */ = {
			isa = PBXGroup;
			children = (
				EFDEE6DD28BF90E80029468D /* API */,
				EFDEE6DC28BF90D50029468D /* Managers */,
				EFDEE6DB28BF90CC0029468D /* Objects */,
			);
			path = Models;
			sourceTree = "<group>";
		};
		EFDEE6DA28BF90240029468D /* Resources */ = {
			isa = PBXGroup;
			children = (
				EF4F61C728BF8EAC00BFA429 /* Assets.xcassets */,
			);
			path = Resources;
			sourceTree = "<group>";
		};
		EFDEE6DB28BF90CC0029468D /* Objects */ = {
			isa = PBXGroup;
			children = (
				EFDEE6E328BFA7BE0029468D /* University.swift */,
			);
			path = Objects;
			sourceTree = "<group>";
		};
		EFDEE6DC28BF90D50029468D /* Managers */ = {
			isa = PBXGroup;
			children = (
			);
			path = Managers;
			sourceTree = "<group>";
		};
		EFDEE6DD28BF90E80029468D /* API */ = {
			isa = PBXGroup;
			children = (
				EFDEE6E128BF93E30029468D /* Service.swift */,
			);
			path = API;
			sourceTree = "<group>";
		};
		EFDEE6DE28BF91400029468D /* Cells */ = {
			isa = PBXGroup;
			children = (
				EFDEE6E528BFAC240029468D /* cellForData.swift */,
			);
			path = Cells;
			sourceTree = "<group>";
		};
/* End PBXGroup section */

/* Begin PBXNativeTarget section */
		EF4F61BA28BF8EAB00BFA429 /* RequestAPI */ = {
			isa = PBXNativeTarget;
			buildConfigurationList = EF4F61CF28BF8EAC00BFA429 /* Build configuration list for PBXNativeTarget "RequestAPI" */;
			buildPhases = (
				34F9BE064C56D2C7109E68EC /* [CP] Check Pods Manifest.lock */,
				EF4F61B728BF8EAB00BFA429 /* Sources */,
				EF4F61B828BF8EAB00BFA429 /* Frameworks */,
				EF4F61B928BF8EAB00BFA429 /* Resources */,
				AB3A0DE6384442441245DCE6 /* [CP] Embed Pods Frameworks */,
			);
			buildRules = (
			);
			dependencies = (
			);
			name = RequestAPI;
			productName = RequestAPI;
			productReference = EF4F61BB28BF8EAB00BFA429 /* RequestAPI.app */;
			productType = "com.apple.product-type.application";
		};
/* End PBXNativeTarget section */

/* Begin PBXProject section */
		EF4F61B328BF8EAB00BFA429 /* Project object */ = {
			isa = PBXProject;
			attributes = {
				BuildIndependentTargetsInParallel = 1;
				LastSwiftUpdateCheck = 1340;
				LastUpgradeCheck = 1340;
				TargetAttributes = {
					EF4F61BA28BF8EAB00BFA429 = {
						CreatedOnToolsVersion = 13.4.1;
					};
				};
			};
			buildConfigurationList = EF4F61B628BF8EAB00BFA429 /* Build configuration list for PBXProject "RequestAPI" */;
			compatibilityVersion = "Xcode 13.0";
			developmentRegion = en;
			hasScannedForEncodings = 0;
			knownRegions = (
				en,
				Base,
			);
			mainGroup = EF4F61B228BF8EAB00BFA429;
			productRefGroup = EF4F61BC28BF8EAB00BFA429 /* Products */;
			projectDirPath = "";
			projectRoot = "";
			targets = (
				EF4F61BA28BF8EAB00BFA429 /* RequestAPI */,
			);
		};
/* End PBXProject section */

/* Begin PBXResourcesBuildPhase section */
		EF4F61B928BF8EAB00BFA429 /* Resources */ = {
			isa = PBXResourcesBuildPhase;
			buildActionMask = 2147483647;
			files = (
				EF4F61CB28BF8EAC00BFA429 /* LaunchScreen.storyboard in Resources */,
				EF4F61C828BF8EAC00BFA429 /* Assets.xcassets in Resources */,
				EF4F61C628BF8EAB00BFA429 /* Main.storyboard in Resources */,
			);
			runOnlyForDeploymentPostprocessing = 0;
		};
/* End PBXResourcesBuildPhase section */

/* Begin PBXShellScriptBuildPhase section */
		34F9BE064C56D2C7109E68EC /* [CP] Check Pods Manifest.lock */ = {
			isa = PBXShellScriptBuildPhase;
			buildActionMask = 2147483647;
			files = (
			);
			inputFileListPaths = (
			);
			inputPaths = (
				"${PODS_PODFILE_DIR_PATH}/Podfile.lock",
				"${PODS_ROOT}/Manifest.lock",
			);
			name = "[CP] Check Pods Manifest.lock";
			outputFileListPaths = (
			);
			outputPaths = (
				"$(DERIVED_FILE_DIR)/Pods-RequestAPI-checkManifestLockResult.txt",
			);
			runOnlyForDeploymentPostprocessing = 0;
			shellPath = /bin/sh;
			shellScript = "diff \"${PODS_PODFILE_DIR_PATH}/Podfile.lock\" \"${PODS_ROOT}/Manifest.lock\" > /dev/null\nif [ $? != 0 ] ; then\n    # print error to STDERR\n    echo \"error: The sandbox is not in sync with the Podfile.lock. Run 'pod install' or update your CocoaPods installation.\" >&2\n    exit 1\nfi\n# This output is used by Xcode 'outputs' to avoid re-running this script phase.\necho \"SUCCESS\" > \"${SCRIPT_OUTPUT_FILE_0}\"\n";
			showEnvVarsInLog = 0;
		};
		AB3A0DE6384442441245DCE6 /* [CP] Embed Pods Frameworks */ = {
			isa = PBXShellScriptBuildPhase;
			buildActionMask = 2147483647;
			files = (
			);
			inputFileListPaths = (
				"${PODS_ROOT}/Target Support Files/Pods-RequestAPI/Pods-RequestAPI-frameworks-${CONFIGURATION}-input-files.xcfilelist",
			);
			name = "[CP] Embed Pods Frameworks";
			outputFileListPaths = (
				"${PODS_ROOT}/Target Support Files/Pods-RequestAPI/Pods-RequestAPI-frameworks-${CONFIGURATION}-output-files.xcfilelist",
			);
			runOnlyForDeploymentPostprocessing = 0;
			shellPath = /bin/sh;
			shellScript = "\"${PODS_ROOT}/Target Support Files/Pods-RequestAPI/Pods-RequestAPI-frameworks.sh\"\n";
			showEnvVarsInLog = 0;
		};
/* End PBXShellScriptBuildPhase section */

/* Begin PBXSourcesBuildPhase section */
		EF4F61B728BF8EAB00BFA429 /* Sources */ = {
			isa = PBXSourcesBuildPhase;
			buildActionMask = 2147483647;
			files = (
				EF4F61C328BF8EAB00BFA429 /* ViewController.swift in Sources */,
				EFDEE6E628BFAC240029468D /* cellForData.swift in Sources */,
				EF4F61BF28BF8EAB00BFA429 /* AppDelegate.swift in Sources */,
				EFDEE6E228BF93E30029468D /* Service.swift in Sources */,
				EF4F61C128BF8EAB00BFA429 /* SceneDelegate.swift in Sources */,
				EFDEE6E428BFA7BE0029468D /* University.swift in Sources */,
			);
			runOnlyForDeploymentPostprocessing = 0;
		};
/* End PBXSourcesBuildPhase section */

/* Begin PBXVariantGroup section */
		EF4F61C428BF8EAB00BFA429 /* Main.storyboard */ = {
			isa = PBXVariantGroup;
			children = (
				EF4F61C528BF8EAB00BFA429 /* Base */,
			);
			name = Main.storyboard;
			sourceTree = "<group>";
		};
		EF4F61C928BF8EAC00BFA429 /* LaunchScreen.storyboard */ = {
			isa = PBXVariantGroup;
			children = (
				EF4F61CA28BF8EAC00BFA429 /* Base */,
			);
			name = LaunchScreen.storyboard;
			sourceTree = "<group>";
		};
/* End PBXVariantGroup section */

/* Begin XCBuildConfiguration section */
		EF4F61CD28BF8EAC00BFA429 /* Debug */ = {
			isa = XCBuildConfiguration;
			buildSettings = {
				ALWAYS_SEARCH_USER_PATHS = NO;
				CLANG_ANALYZER_NONNULL = YES;
				CLANG_ANALYZER_NUMBER_OBJECT_CONVERSION = YES_AGGRESSIVE;
				CLANG_CXX_LANGUAGE_STANDARD = "gnu++17";
				CLANG_ENABLE_MODULES = YES;
				CLANG_ENABLE_OBJC_ARC = YES;
				CLANG_ENABLE_OBJC_WEAK = YES;
				CLANG_WARN_BLOCK_CAPTURE_AUTORELEASING = YES;
				CLANG_WARN_BOOL_CONVERSION = YES;
				CLANG_WARN_COMMA = YES;
				CLANG_WARN_CONSTANT_CONVERSION = YES;
				CLANG_WARN_DEPRECATED_OBJC_IMPLEMENTATIONS = YES;
				CLANG_WARN_DIRECT_OBJC_ISA_USAGE = YES_ERROR;
				CLANG_WARN_DOCUMENTATION_COMMENTS = YES;
				CLANG_WARN_EMPTY_BODY = YES;
				CLANG_WARN_ENUM_CONVERSION = YES;
				CLANG_WARN_INFINITE_RECURSION = YES;
				CLANG_WARN_INT_CONVERSION = YES;
				CLANG_WARN_NON_LITERAL_NULL_CONVERSION = YES;
				CLANG_WARN_OBJC_IMPLICIT_RETAIN_SELF = YES;
				CLANG_WARN_OBJC_LITERAL_CONVERSION = YES;
				CLANG_WARN_OBJC_ROOT_CLASS = YES_ERROR;
				CLANG_WARN_QUOTED_INCLUDE_IN_FRAMEWORK_HEADER = YES;
				CLANG_WARN_RANGE_LOOP_ANALYSIS = YES;
				CLANG_WARN_STRICT_PROTOTYPES = YES;
				CLANG_WARN_SUSPICIOUS_MOVE = YES;
				CLANG_WARN_UNGUARDED_AVAILABILITY = YES_AGGRESSIVE;
				CLANG_WARN_UNREACHABLE_CODE = YES;
				CLANG_WARN__DUPLICATE_METHOD_MATCH = YES;
				COPY_PHASE_STRIP = NO;
				DEBUG_INFORMATION_FORMAT = dwarf;
				ENABLE_STRICT_OBJC_MSGSEND = YES;
				ENABLE_TESTABILITY = YES;
				GCC_C_LANGUAGE_STANDARD = gnu11;
				GCC_DYNAMIC_NO_PIC = NO;
				GCC_NO_COMMON_BLOCKS = YES;
				GCC_OPTIMIZATION_LEVEL = 0;
				GCC_PREPROCESSOR_DEFINITIONS = (
					"DEBUG=1",
					"$(inherited)",
				);
				GCC_WARN_64_TO_32_BIT_CONVERSION = YES;
				GCC_WARN_ABOUT_RETURN_TYPE = YES_ERROR;
				GCC_WARN_UNDECLARED_SELECTOR = YES;
				GCC_WARN_UNINITIALIZED_AUTOS = YES_AGGRESSIVE;
				GCC_WARN_UNUSED_FUNCTION = YES;
				GCC_WARN_UNUSED_VARIABLE = YES;
				IPHONEOS_DEPLOYMENT_TARGET = 15.5;
				MTL_ENABLE_DEBUG_INFO = INCLUDE_SOURCE;
				MTL_FAST_MATH = YES;
				ONLY_ACTIVE_ARCH = YES;
				SDKROOT = iphoneos;
				SWIFT_ACTIVE_COMPILATION_CONDITIONS = DEBUG;
				SWIFT_OPTIMIZATION_LEVEL = "-Onone";
			};
			name = Debug;
		};
		EF4F61CE28BF8EAC00BFA429 /* Release */ = {
			isa = XCBuildConfiguration;
			buildSettings = {
				ALWAYS_SEARCH_USER_PATHS = NO;
				CLANG_ANALYZER_NONNULL = YES;
				CLANG_ANALYZER_NUMBER_OBJECT_CONVERSION = YES_AGGRESSIVE;
				CLANG_CXX_LANGUAGE_STANDARD = "gnu++17";
				CLANG_ENABLE_MODULES = YES;
				CLANG_ENABLE_OBJC_ARC = YES;
				CLANG_ENABLE_OBJC_WEAK = YES;
				CLANG_WARN_BLOCK_CAPTURE_AUTORELEASING = YES;
				CLANG_WARN_BOOL_CONVERSION = YES;
				CLANG_WARN_COMMA = YES;
				CLANG_WARN_CONSTANT_CONVERSION = YES;
				CLANG_WARN_DEPRECATED_OBJC_IMPLEMENTATIONS = YES;
				CLANG_WARN_DIRECT_OBJC_ISA_USAGE = YES_ERROR;
				CLANG_WARN_DOCUMENTATION_COMMENTS = YES;
				CLANG_WARN_EMPTY_BODY = YES;
				CLANG_WARN_ENUM_CONVERSION = YES;
				CLANG_WARN_INFINITE_RECURSION = YES;
				CLANG_WARN_INT_CONVERSION = YES;
				CLANG_WARN_NON_LITERAL_NULL_CONVERSION = YES;
				CLANG_WARN_OBJC_IMPLICIT_RETAIN_SELF = YES;
				CLANG_WARN_OBJC_LITERAL_CONVERSION = YES;
				CLANG_WARN_OBJC_ROOT_CLASS = YES_ERROR;
				CLANG_WARN_QUOTED_INCLUDE_IN_FRAMEWORK_HEADER = YES;
				CLANG_WARN_RANGE_LOOP_ANALYSIS = YES;
				CLANG_WARN_STRICT_PROTOTYPES = YES;
				CLANG_WARN_SUSPICIOUS_MOVE = YES;
				CLANG_WARN_UNGUARDED_AVAILABILITY = YES_AGGRESSIVE;
				CLANG_WARN_UNREACHABLE_CODE = YES;
				CLANG_WARN__DUPLICATE_METHOD_MATCH = YES;
				COPY_PHASE_STRIP = NO;
				DEBUG_INFORMATION_FORMAT = "dwarf-with-dsym";
				ENABLE_NS_ASSERTIONS = NO;
				ENABLE_STRICT_OBJC_MSGSEND = YES;
				GCC_C_LANGUAGE_STANDARD = gnu11;
				GCC_NO_COMMON_BLOCKS = YES;
				GCC_WARN_64_TO_32_BIT_CONVERSION = YES;
				GCC_WARN_ABOUT_RETURN_TYPE = YES_ERROR;
				GCC_WARN_UNDECLARED_SELECTOR = YES;
				GCC_WARN_UNINITIALIZED_AUTOS = YES_AGGRESSIVE;
				GCC_WARN_UNUSED_FUNCTION = YES;
				GCC_WARN_UNUSED_VARIABLE = YES;
				IPHONEOS_DEPLOYMENT_TARGET = 15.5;
				MTL_ENABLE_DEBUG_INFO = NO;
				MTL_FAST_MATH = YES;
				SDKROOT = iphoneos;
				SWIFT_COMPILATION_MODE = wholemodule;
				SWIFT_OPTIMIZATION_LEVEL = "-O";
				VALIDATE_PRODUCT = YES;
			};
			name = Release;
		};
		EF4F61D028BF8EAC00BFA429 /* Debug */ = {
			isa = XCBuildConfiguration;
			baseConfigurationReference = D4A3F8B638D9AE73986D6E66 /* Pods-RequestAPI.debug.xcconfig */;
			buildSettings = {
				ASSETCATALOG_COMPILER_APPICON_NAME = AppIcon;
				ASSETCATALOG_COMPILER_GLOBAL_ACCENT_COLOR_NAME = AccentColor;
				CODE_SIGN_STYLE = Automatic;
				CURRENT_PROJECT_VERSION = 1;
				DEVELOPMENT_TEAM = 7V4HFL737W;
				GENERATE_INFOPLIST_FILE = YES;
				INFOPLIST_FILE = RequestAPI/Info.plist;
				INFOPLIST_KEY_UIApplicationSupportsIndirectInputEvents = YES;
				INFOPLIST_KEY_UILaunchStoryboardName = LaunchScreen;
				INFOPLIST_KEY_UIMainStoryboardFile = Main;
				INFOPLIST_KEY_UISupportedInterfaceOrientations_iPad = "UIInterfaceOrientationPortrait UIInterfaceOrientationPortraitUpsideDown UIInterfaceOrientationLandscapeLeft UIInterfaceOrientationLandscapeRight";
				INFOPLIST_KEY_UISupportedInterfaceOrientations_iPhone = "UIInterfaceOrientationPortrait UIInterfaceOrientationLandscapeLeft UIInterfaceOrientationLandscapeRight";
				LD_RUNPATH_SEARCH_PATHS = (
					"$(inherited)",
					"@executable_path/Frameworks",
				);
				MARKETING_VERSION = 1.0;
				PRODUCT_BUNDLE_IDENTIFIER = com.vietdh.RequestAPI;
				PRODUCT_NAME = "$(TARGET_NAME)";
				SWIFT_EMIT_LOC_STRINGS = YES;
				SWIFT_VERSION = 5.0;
				TARGETED_DEVICE_FAMILY = "1,2";
			};
			name = Debug;
		};
		EF4F61D128BF8EAC00BFA429 /* Release */ = {
			isa = XCBuildConfiguration;
			baseConfigurationReference = E2CC2766B5BEA90EE316DCB0 /* Pods-RequestAPI.release.xcconfig */;
			buildSettings = {
				ASSETCATALOG_COMPILER_APPICON_NAME = AppIcon;
				ASSETCATALOG_COMPILER_GLOBAL_ACCENT_COLOR_NAME = AccentColor;
				CODE_SIGN_STYLE = Automatic;
				CURRENT_PROJECT_VERSION = 1;
				DEVELOPMENT_TEAM = 7V4HFL737W;
				GENERATE_INFOPLIST_FILE = YES;
				INFOPLIST_FILE = RequestAPI/Info.plist;
				INFOPLIST_KEY_UIApplicationSupportsIndirectInputEvents = YES;
				INFOPLIST_KEY_UILaunchStoryboardName = LaunchScreen;
				INFOPLIST_KEY_UIMainStoryboardFile = Main;
				INFOPLIST_KEY_UISupportedInterfaceOrientations_iPad = "UIInterfaceOrientationPortrait UIInterfaceOrientationPortraitUpsideDown UIInterfaceOrientationLandscapeLeft UIInterfaceOrientationLandscapeRight";
				INFOPLIST_KEY_UISupportedInterfaceOrientations_iPhone = "UIInterfaceOrientationPortrait UIInterfaceOrientationLandscapeLeft UIInterfaceOrientationLandscapeRight";
				LD_RUNPATH_SEARCH_PATHS = (
					"$(inherited)",
					"@executable_path/Frameworks",
				);
				MARKETING_VERSION = 1.0;
				PRODUCT_BUNDLE_IDENTIFIER = com.vietdh.RequestAPI;
				PRODUCT_NAME = "$(TARGET_NAME)";
				SWIFT_EMIT_LOC_STRINGS = YES;
				SWIFT_VERSION = 5.0;
				TARGETED_DEVICE_FAMILY = "1,2";
			};
			name = Release;
		};
/* End XCBuildConfiguration section */

/* Begin XCConfigurationList section */
		EF4F61B628BF8EAB00BFA429 /* Build configuration list for PBXProject "RequestAPI" */ = {
			isa = XCConfigurationList;
			buildConfigurations = (
				EF4F61CD28BF8EAC00BFA429 /* Debug */,
				EF4F61CE28BF8EAC00BFA429 /* Release */,
			);
			defaultConfigurationIsVisible = 0;
			defaultConfigurationName = Release;
		};
		EF4F61CF28BF8EAC00BFA429 /* Build configuration list for PBXNativeTarget "RequestAPI" */ = {
			isa = XCConfigurationList;
			buildConfigurations = (
				EF4F61D028BF8EAC00BFA429 /* Debug */,
				EF4F61D128BF8EAC00BFA429 /* Release */,
			);
			defaultConfigurationIsVisible = 0;
			defaultConfigurationName = Release;
		};
/* End XCConfigurationList section */
	};
	rootObject = EF4F61B328BF8EAB00BFA429 /* Project object */;
}
